
Microsoft Visual Studio Solution File, Format Version 12.00
# Visual Studio Version 16
VisualStudioVersion = 25.0.1705.5
MinimumVisualStudioVersion = 10.0.40219.1
Project("{FAE04EC0-301F-11D3-BF4B-00C04F79EFBC}") = "BulkyBookWeb", "BulkyBookWeb.csproj", "{C46877C2-CB41-439B-B577-8ED53A4ADDD7}"
EndProject
Global
	GlobalSection(SolutionConfigurationPlatforms) = preSolution
		Debug|Any CPU = Debug|Any CPU
		Release|Any CPU = Release|Any CPU
	EndGlobalSection
	GlobalSection(ProjectConfigurationPlatforms) = postSolution
		{C46877C2-CB41-439B-B577-8ED53A4ADDD7}.Debug|Any CPU.ActiveCfg = Debug|Any CPU
		{C46877C2-CB41-439B-B577-8ED53A4ADDD7}.Debug|Any CPU.Build.0 = Debug|Any CPU
		{C46877C2-CB41-439B-B577-8ED53A4ADDD7}.Release|Any CPU.ActiveCfg = Release|Any CPU
		{C46877C2-CB41-439B-B577-8ED53A4ADDD7}.Release|Any CPU.Build.0 = Release|Any CPU
	EndGlobalSection
	GlobalSection(SolutionProperties) = preSolution
		HideSolutionNode = FALSE
	EndGlobalSection
	GlobalSection(ExtensibilityGlobals) = postSolution
		SolutionGuid = {8F3039B8-58C2-428F-92F7-AC378433EDFB}
	EndGlobalSection
EndGlobal
